// !$*UTF8*$!
{
	archiveVersion = 1;
	classes = {
	};
	objectVersion = 51;
	objects = {

/* Begin PBXBuildFile section */
		601E7C5662DE575EC92DFFA1 /* Pods_Weather.framework in Frameworks */ = {isa = PBXBuildFile; fileRef = 50471B2B98400DD490412317 /* Pods_Weather.framework */; };
		F069C00C2299D29E00D0910A /* AppDelegate.swift in Sources */ = {isa = PBXBuildFile; fileRef = F069C00B2299D29E00D0910A /* AppDelegate.swift */; };
		F069C00E2299D29E00D0910A /* CitySelectorViewController.swift in Sources */ = {isa = PBXBuildFile; fileRef = F069C00D2299D29E00D0910A /* CitySelectorViewController.swift */; };
		F069C0112299D29E00D0910A /* Main.storyboard in Resources */ = {isa = PBXBuildFile; fileRef = F069C00F2299D29E00D0910A /* Main.storyboard */; };
		F069C0132299D2A000D0910A /* Assets.xcassets in Resources */ = {isa = PBXBuildFile; fileRef = F069C0122299D2A000D0910A /* Assets.xcassets */; };
		F069C0162299D2A000D0910A /* LaunchScreen.storyboard in Resources */ = {isa = PBXBuildFile; fileRef = F069C0142299D2A000D0910A /* LaunchScreen.storyboard */; };
		F069C01E2299D4C500D0910A /* WeatherDataModel.swift in Sources */ = {isa = PBXBuildFile; fileRef = F069C01D2299D4C500D0910A /* WeatherDataModel.swift */; };
		F069C0202299E08300D0910A /* WeatherDataViewModel.swift in Sources */ = {isa = PBXBuildFile; fileRef = F069C01F2299E08300D0910A /* WeatherDataViewModel.swift */; };
		F069C023229A173C00D0910A /* LocationTableViewCell.swift in Sources */ = {isa = PBXBuildFile; fileRef = F069C021229A173C00D0910A /* LocationTableViewCell.swift */; };
		F069C024229A173C00D0910A /* LocationTableViewCell.xib in Resources */ = {isa = PBXBuildFile; fileRef = F069C022229A173C00D0910A /* LocationTableViewCell.xib */; };
		F069C028229A45EA00D0910A /* WeatherDetailViewController.swift in Sources */ = {isa = PBXBuildFile; fileRef = F069C027229A45EA00D0910A /* WeatherDetailViewController.swift */; };
/* End PBXBuildFile section */

/* Begin PBXFileReference section */
		50471B2B98400DD490412317 /* Pods_Weather.framework */ = {isa = PBXFileReference; explicitFileType = wrapper.framework; includeInIndex = 0; path = Pods_Weather.framework; sourceTree = BUILT_PRODUCTS_DIR; };
		9EC00AB11F049BE4DC3CF232 /* Pods-Weather.debug.xcconfig */ = {isa = PBXFileReference; includeInIndex = 1; lastKnownFileType = text.xcconfig; name = "Pods-Weather.debug.xcconfig"; path = "Target Support Files/Pods-Weather/Pods-Weather.debug.xcconfig"; sourceTree = "<group>"; };
		E9E8FB56C142FA08CB661111 /* Pods-Weather.release.xcconfig */ = {isa = PBXFileReference; includeInIndex = 1; lastKnownFileType = text.xcconfig; name = "Pods-Weather.release.xcconfig"; path = "Target Support Files/Pods-Weather/Pods-Weather.release.xcconfig"; sourceTree = "<group>"; };
		F069C0082299D29E00D0910A /* Weather.app */ = {isa = PBXFileReference; explicitFileType = wrapper.application; includeInIndex = 0; path = Weather.app; sourceTree = BUILT_PRODUCTS_DIR; };
		F069C00B2299D29E00D0910A /* AppDelegate.swift */ = {isa = PBXFileReference; lastKnownFileType = sourcecode.swift; path = AppDelegate.swift; sourceTree = "<group>"; };
		F069C00D2299D29E00D0910A /* CitySelectorViewController.swift */ = {isa = PBXFileReference; lastKnownFileType = sourcecode.swift; path = CitySelectorViewController.swift; sourceTree = "<group>"; };
		F069C0102299D29E00D0910A /* Base */ = {isa = PBXFileReference; lastKnownFileType = file.storyboard; name = Base; path = Base.lproj/Main.storyboard; sourceTree = "<group>"; };
		F069C0122299D2A000D0910A /* Assets.xcassets */ = {isa = PBXFileReference; lastKnownFileType = folder.assetcatalog; path = Assets.xcassets; sourceTree = "<group>"; };
		F069C0152299D2A000D0910A /* Base */ = {isa = PBXFileReference; lastKnownFileType = file.storyboard; name = Base; path = Base.lproj/LaunchScreen.storyboard; sourceTree = "<group>"; };
		F069C0172299D2A000D0910A /* Info.plist */ = {isa = PBXFileReference; lastKnownFileType = text.plist.xml; path = Info.plist; sourceTree = "<group>"; };
		F069C01D2299D4C500D0910A /* WeatherDataModel.swift */ = {isa = PBXFileReference; lastKnownFileType = sourcecode.swift; path = WeatherDataModel.swift; sourceTree = "<group>"; };
		F069C01F2299E08300D0910A /* WeatherDataViewModel.swift */ = {isa = PBXFileReference; lastKnownFileType = sourcecode.swift; path = WeatherDataViewModel.swift; sourceTree = "<group>"; };
		F069C021229A173C00D0910A /* LocationTableViewCell.swift */ = {isa = PBXFileReference; lastKnownFileType = sourcecode.swift; path = LocationTableViewCell.swift; sourceTree = "<group>"; };
		F069C022229A173C00D0910A /* LocationTableViewCell.xib */ = {isa = PBXFileReference; lastKnownFileType = file.xib; path = LocationTableViewCell.xib; sourceTree = "<group>"; };
		F069C027229A45EA00D0910A /* WeatherDetailViewController.swift */ = {isa = PBXFileReference; lastKnownFileType = sourcecode.swift; path = WeatherDetailViewController.swift; sourceTree = "<group>"; };
/* End PBXFileReference section */

/* Begin PBXFrameworksBuildPhase section */
		F069C0052299D29E00D0910A /* Frameworks */ = {
			isa = PBXFrameworksBuildPhase;
			buildActionMask = 2147483647;
			files = (
				601E7C5662DE575EC92DFFA1 /* Pods_Weather.framework in Frameworks */,
			);
			runOnlyForDeploymentPostprocessing = 0;
		};
/* End PBXFrameworksBuildPhase section */

/* Begin PBXGroup section */
		0F94574AE81CE2EFB31A3DC5 /* Frameworks */ = {
			isa = PBXGroup;
			children = (
				50471B2B98400DD490412317 /* Pods_Weather.framework */,
			);
			name = Frameworks;
			sourceTree = "<group>";
		};
		1C7DAA4F01C06F2FC74D45CE /* Pods */ = {
			isa = PBXGroup;
			children = (
				9EC00AB11F049BE4DC3CF232 /* Pods-Weather.debug.xcconfig */,
				E9E8FB56C142FA08CB661111 /* Pods-Weather.release.xcconfig */,
			);
			path = Pods;
			sourceTree = "<group>";
		};
		F069BFFF2299D29E00D0910A = {
			isa = PBXGroup;
			children = (
				F069C00A2299D29E00D0910A /* Weather */,
				F069C0092299D29E00D0910A /* Products */,
				1C7DAA4F01C06F2FC74D45CE /* Pods */,
				0F94574AE81CE2EFB31A3DC5 /* Frameworks */,
			);
			sourceTree = "<group>";
		};
		F069C0092299D29E00D0910A /* Products */ = {
			isa = PBXGroup;
			children = (
				F069C0082299D29E00D0910A /* Weather.app */,
			);
			name = Products;
			sourceTree = "<group>";
		};
		F069C00A2299D29E00D0910A /* Weather */ = {
			isa = PBXGroup;
			children = (
				F069C00B2299D29E00D0910A /* AppDelegate.swift */,
				F069C00D2299D29E00D0910A /* CitySelectorViewController.swift */,
				F069C00F2299D29E00D0910A /* Main.storyboard */,
				F069C0122299D2A000D0910A /* Assets.xcassets */,
				F069C0142299D2A000D0910A /* LaunchScreen.storyboard */,
				F069C0172299D2A000D0910A /* Info.plist */,
				F069C01D2299D4C500D0910A /* WeatherDataModel.swift */,
				F069C01F2299E08300D0910A /* WeatherDataViewModel.swift */,
				F069C021229A173C00D0910A /* LocationTableViewCell.swift */,
				F069C022229A173C00D0910A /* LocationTableViewCell.xib */,
				F069C027229A45EA00D0910A /* WeatherDetailViewController.swift */,
			);
			path = Weather;
			sourceTree = "<group>";
		};
/* End PBXGroup section */

/* Begin PBXNativeTarget section */
		F069C0072299D29E00D0910A /* Weather */ = {
			isa = PBXNativeTarget;
			buildConfigurationList = F069C01A2299D2A000D0910A /* Build configuration list for PBXNativeTarget "Weather" */;
			buildPhases = (
				B119434597360B4C6249B3A3 /* [CP] Check Pods Manifest.lock */,
				F069C0042299D29E00D0910A /* Sources */,
				F069C0052299D29E00D0910A /* Frameworks */,
				F069C0062299D29E00D0910A /* Resources */,
				BD16D45C1EEA440D2C279199 /* [CP] Embed Pods Frameworks */,
			);
			buildRules = (
			);
			dependencies = (
			);
			name = Weather;
			productName = Weather;
			productReference = F069C0082299D29E00D0910A /* Weather.app */;
			productType = "com.apple.product-type.application";
		};
/* End PBXNativeTarget section */

/* Begin PBXProject section */
		F069C0002299D29E00D0910A /* Project object */ = {
			isa = PBXProject;
			attributes = {
				LastSwiftUpdateCheck = 1020;
				LastUpgradeCheck = 1020;
				ORGANIZATIONNAME = rhtsang;
				TargetAttributes = {
					F069C0072299D29E00D0910A = {
						CreatedOnToolsVersion = 10.2.1;
					};
				};
			};
			buildConfigurationList = F069C0032299D29E00D0910A /* Build configuration list for PBXProject "Weather" */;
			compatibilityVersion = "Xcode 9.3";
			developmentRegion = en;
			hasScannedForEncodings = 0;
			knownRegions = (
				en,
				Base,
			);
			mainGroup = F069BFFF2299D29E00D0910A;
			productRefGroup = F069C0092299D29E00D0910A /* Products */;
			projectDirPath = "";
			projectRoot = "";
			targets = (
				F069C0072299D29E00D0910A /* Weather */,
			);
		};
/* End PBXProject section */

/* Begin PBXResourcesBuildPhase section */
		F069C0062299D29E00D0910A /* Resources */ = {
			isa = PBXResourcesBuildPhase;
			buildActionMask = 2147483647;
			files = (
				F069C0162299D2A000D0910A /* LaunchScreen.storyboard in Resources */,
				F069C0132299D2A000D0910A /* Assets.xcassets in Resources */,
				F069C024229A173C00D0910A /* LocationTableViewCell.xib in Resources */,
				F069C0112299D29E00D0910A /* Main.storyboard in Resources */,
			);
			runOnlyForDeploymentPostprocessing = 0;
		};
/* End PBXResourcesBuildPhase section */

/* Begin PBXShellScriptBuildPhase section */
		B119434597360B4C6249B3A3 /* [CP] Check Pods Manifest.lock */ = {
			isa = PBXShellScriptBuildPhase;
			buildActionMask = 2147483647;
			files = (
			);
			inputFileListPaths = (
			);
			inputPaths = (
				"${PODS_PODFILE_DIR_PATH}/Podfile.lock",
				"${PODS_ROOT}/Manifest.lock",
			);
			name = "[CP] Check Pods Manifest.lock";
			outputFileListPaths = (
			);
			outputPaths = (
				"$(DERIVED_FILE_DIR)/Pods-Weather-checkManifestLockResult.txt",
			);
			runOnlyForDeploymentPostprocessing = 0;
			shellPath = /bin/sh;
			shellScript = "diff \"${PODS_PODFILE_DIR_PATH}/Podfile.lock\" \"${PODS_ROOT}/Manifest.lock\" > /dev/null\nif [ $? != 0 ] ; then\n    # print error to STDERR\n    echo \"error: The sandbox is not in sync with the Podfile.lock. Run 'pod install' or update your CocoaPods installation.\" >&2\n    exit 1\nfi\n# This output is used by Xcode 'outputs' to avoid re-running this script phase.\necho \"SUCCESS\" > \"${SCRIPT_OUTPUT_FILE_0}\"\n";
			showEnvVarsInLog = 0;
		};
		BD16D45C1EEA440D2C279199 /* [CP] Embed Pods Frameworks */ = {
			isa = PBXShellScriptBuildPhase;
			buildActionMask = 2147483647;
			files = (
			);
			inputFileListPaths = (
				"${PODS_ROOT}/Target Support Files/Pods-Weather/Pods-Weather-frameworks-${CONFIGURATION}-input-files.xcfilelist",
			);
			name = "[CP] Embed Pods Frameworks";
			outputFileListPaths = (
				"${PODS_ROOT}/Target Support Files/Pods-Weather/Pods-Weather-frameworks-${CONFIGURATION}-output-files.xcfilelist",
			);
			runOnlyForDeploymentPostprocessing = 0;
			shellPath = /bin/sh;
			shellScript = "\"${PODS_ROOT}/Target Support Files/Pods-Weather/Pods-Weather-frameworks.sh\"\n";
			showEnvVarsInLog = 0;
		};
/* End PBXShellScriptBuildPhase section */

/* Begin PBXSourcesBuildPhase section */
		F069C0042299D29E00D0910A /* Sources */ = {
			isa = PBXSourcesBuildPhase;
			buildActionMask = 2147483647;
			files = (
				F069C028229A45EA00D0910A /* WeatherDetailViewController.swift in Sources */,
				F069C00E2299D29E00D0910A /* CitySelectorViewController.swift in Sources */,
				F069C023229A173C00D0910A /* LocationTableViewCell.swift in Sources */,
				F069C01E2299D4C500D0910A /* WeatherDataModel.swift in Sources */,
				F069C00C2299D29E00D0910A /* AppDelegate.swift in Sources */,
				F069C0202299E08300D0910A /* WeatherDataViewModel.swift in Sources */,
			);
			runOnlyForDeploymentPostprocessing = 0;
		};
/* End PBXSourcesBuildPhase section */

/* Begin PBXVariantGroup section */
		F069C00F2299D29E00D0910A /* Main.storyboard */ = {
			isa = PBXVariantGroup;
			children = (
				F069C0102299D29E00D0910A /* Base */,
			);
			name = Main.storyboard;
			sourceTree = "<group>";
		};
		F069C0142299D2A000D0910A /* LaunchScreen.storyboard */ = {
			isa = PBXVariantGroup;
			children = (
				F069C0152299D2A000D0910A /* Base */,
			);
			name = LaunchScreen.storyboard;
			sourceTree = "<group>";
		};
/* End PBXVariantGroup section */

/* Begin XCBuildConfiguration section */
		F069C0182299D2A000D0910A /* Debug */ = {
			isa = XCBuildConfiguration;
			buildSettings = {
				ALWAYS_SEARCH_USER_PATHS = NO;
				CLANG_ANALYZER_NONNULL = YES;
				CLANG_ANALYZER_NUMBER_OBJECT_CONVERSION = YES_AGGRESSIVE;
				CLANG_CXX_LANGUAGE_STANDARD = "gnu++14";
				CLANG_CXX_LIBRARY = "libc++";
				CLANG_ENABLE_MODULES = YES;
				CLANG_ENABLE_OBJC_ARC = YES;
				CLANG_ENABLE_OBJC_WEAK = YES;
				CLANG_WARN_BLOCK_CAPTURE_AUTORELEASING = YES;
				CLANG_WARN_BOOL_CONVERSION = YES;
				CLANG_WARN_COMMA = YES;
				CLANG_WARN_CONSTANT_CONVERSION = YES;
				CLANG_WARN_DEPRECATED_OBJC_IMPLEMENTATIONS = YES;
				CLANG_WARN_DIRECT_OBJC_ISA_USAGE = YES_ERROR;
				CLANG_WARN_DOCUMENTATION_COMMENTS = YES;
				CLANG_WARN_EMPTY_BODY = YES;
				CLANG_WARN_ENUM_CONVERSION = YES;
				CLANG_WARN_INFINITE_RECURSION = YES;
				CLANG_WARN_INT_CONVERSION = YES;
				CLANG_WARN_NON_LITERAL_NULL_CONVERSION = YES;
				CLANG_WARN_OBJC_IMPLICIT_RETAIN_SELF = YES;
				CLANG_WARN_OBJC_LITERAL_CONVERSION = YES;
				CLANG_WARN_OBJC_ROOT_CLASS = YES_ERROR;
				CLANG_WARN_RANGE_LOOP_ANALYSIS = YES;
				CLANG_WARN_STRICT_PROTOTYPES = YES;
				CLANG_WARN_SUSPICIOUS_MOVE = YES;
				CLANG_WARN_UNGUARDED_AVAILABILITY = YES_AGGRESSIVE;
				CLANG_WARN_UNREACHABLE_CODE = YES;
				CLANG_WARN__DUPLICATE_METHOD_MATCH = YES;
				CODE_SIGN_IDENTITY = "iPhone Developer";
				COPY_PHASE_STRIP = NO;
				DEBUG_INFORMATION_FORMAT = dwarf;
				ENABLE_STRICT_OBJC_MSGSEND = YES;
				ENABLE_TESTABILITY = YES;
				GCC_C_LANGUAGE_STANDARD = gnu11;
				GCC_DYNAMIC_NO_PIC = NO;
				GCC_NO_COMMON_BLOCKS = YES;
				GCC_OPTIMIZATION_LEVEL = 0;
				GCC_PREPROCESSOR_DEFINITIONS = (
					"DEBUG=1",
					"$(inherited)",
				);
				GCC_WARN_64_TO_32_BIT_CONVERSION = YES;
				GCC_WARN_ABOUT_RETURN_TYPE = YES_ERROR;
				GCC_WARN_UNDECLARED_SELECTOR = YES;
				GCC_WARN_UNINITIALIZED_AUTOS = YES_AGGRESSIVE;
				GCC_WARN_UNUSED_FUNCTION = YES;
				GCC_WARN_UNUSED_VARIABLE = YES;
				IPHONEOS_DEPLOYMENT_TARGET = 12.2;
				MTL_ENABLE_DEBUG_INFO = INCLUDE_SOURCE;
				MTL_FAST_MATH = YES;
				ONLY_ACTIVE_ARCH = YES;
				SDKROOT = iphoneos;
				SWIFT_ACTIVE_COMPILATION_CONDITIONS = DEBUG;
				SWIFT_OPTIMIZATION_LEVEL = "-Onone";
			};
			name = Debug;
		};
		F069C0192299D2A000D0910A /* Release */ = {
			isa = XCBuildConfiguration;
			buildSettings = {
				ALWAYS_SEARCH_USER_PATHS = NO;
				CLANG_ANALYZER_NONNULL = YES;
				CLANG_ANALYZER_NUMBER_OBJECT_CONVERSION = YES_AGGRESSIVE;
				CLANG_CXX_LANGUAGE_STANDARD = "gnu++14";
				CLANG_CXX_LIBRARY = "libc++";
				CLANG_ENABLE_MODULES = YES;
				CLANG_ENABLE_OBJC_ARC = YES;
				CLANG_ENABLE_OBJC_WEAK = YES;
				CLANG_WARN_BLOCK_CAPTURE_AUTORELEASING = YES;
				CLANG_WARN_BOOL_CONVERSION = YES;
				CLANG_WARN_COMMA = YES;
				CLANG_WARN_CONSTANT_CONVERSION = YES;
				CLANG_WARN_DEPRECATED_OBJC_IMPLEMENTATIONS = YES;
				CLANG_WARN_DIRECT_OBJC_ISA_USAGE = YES_ERROR;
				CLANG_WARN_DOCUMENTATION_COMMENTS = YES;
				CLANG_WARN_EMPTY_BODY = YES;
				CLANG_WARN_ENUM_CONVERSION = YES;
				CLANG_WARN_INFINITE_RECURSION = YES;
				CLANG_WARN_INT_CONVERSION = YES;
				CLANG_WARN_NON_LITERAL_NULL_CONVERSION = YES;
				CLANG_WARN_OBJC_IMPLICIT_RETAIN_SELF = YES;
				CLANG_WARN_OBJC_LITERAL_CONVERSION = YES;
				CLANG_WARN_OBJC_ROOT_CLASS = YES_ERROR;
				CLANG_WARN_RANGE_LOOP_ANALYSIS = YES;
				CLANG_WARN_STRICT_PROTOTYPES = YES;
				CLANG_WARN_SUSPICIOUS_MOVE = YES;
				CLANG_WARN_UNGUARDED_AVAILABILITY = YES_AGGRESSIVE;
				CLANG_WARN_UNREACHABLE_CODE = YES;
				CLANG_WARN__DUPLICATE_METHOD_MATCH = YES;
				CODE_SIGN_IDENTITY = "iPhone Developer";
				COPY_PHASE_STRIP = NO;
				DEBUG_INFORMATION_FORMAT = "dwarf-with-dsym";
				ENABLE_NS_ASSERTIONS = NO;
				ENABLE_STRICT_OBJC_MSGSEND = YES;
				GCC_C_LANGUAGE_STANDARD = gnu11;
				GCC_NO_COMMON_BLOCKS = YES;
				GCC_WARN_64_TO_32_BIT_CONVERSION = YES;
				GCC_WARN_ABOUT_RETURN_TYPE = YES_ERROR;
				GCC_WARN_UNDECLARED_SELECTOR = YES;
				GCC_WARN_UNINITIALIZED_AUTOS = YES_AGGRESSIVE;
				GCC_WARN_UNUSED_FUNCTION = YES;
				GCC_WARN_UNUSED_VARIABLE = YES;
				IPHONEOS_DEPLOYMENT_TARGET = 12.2;
				MTL_ENABLE_DEBUG_INFO = NO;
				MTL_FAST_MATH = YES;
				SDKROOT = iphoneos;
				SWIFT_COMPILATION_MODE = wholemodule;
				SWIFT_OPTIMIZATION_LEVEL = "-O";
				VALIDATE_PRODUCT = YES;
			};
			name = Release;
		};
		F069C01B2299D2A000D0910A /* Debug */ = {
			isa = XCBuildConfiguration;
			baseConfigurationReference = 9EC00AB11F049BE4DC3CF232 /* Pods-Weather.debug.xcconfig */;
			buildSettings = {
				ASSETCATALOG_COMPILER_APPICON_NAME = AppIcon;
				CODE_SIGN_STYLE = Automatic;
				DEVELOPMENT_TEAM = DHPTW2MHS8;
				INFOPLIST_FILE = Weather/Info.plist;
				LD_RUNPATH_SEARCH_PATHS = (
					"$(inherited)",
					"@executable_path/Frameworks",
				);
				PRODUCT_BUNDLE_IDENTIFIER = com.rhtsang.Weather;
				PRODUCT_NAME = "$(TARGET_NAME)";
				SWIFT_VERSION = 5.0;
				TARGETED_DEVICE_FAMILY = "1,2";
			};
			name = Debug;
		};
		F069C01C2299D2A000D0910A /* Release */ = {
			isa = XCBuildConfiguration;
			baseConfigurationReference = E9E8FB56C142FA08CB661111 /* Pods-Weather.release.xcconfig */;
			buildSettings = {
				ASSETCATALOG_COMPILER_APPICON_NAME = AppIcon;
				CODE_SIGN_STYLE = Automatic;
				DEVELOPMENT_TEAM = DHPTW2MHS8;
				INFOPLIST_FILE = Weather/Info.plist;
				LD_RUNPATH_SEARCH_PATHS = (
					"$(inherited)",
					"@executable_path/Frameworks",
				);
				PRODUCT_BUNDLE_IDENTIFIER = com.rhtsang.Weather;
				PRODUCT_NAME = "$(TARGET_NAME)";
				SWIFT_VERSION = 5.0;
				TARGETED_DEVICE_FAMILY = "1,2";
			};
			name = Release;
		};
/* End XCBuildConfiguration section */

/* Begin XCConfigurationList section */
		F069C0032299D29E00D0910A /* Build configuration list for PBXProject "Weather" */ = {
			isa = XCConfigurationList;
			buildConfigurations = (
				F069C0182299D2A000D0910A /* Debug */,
				F069C0192299D2A000D0910A /* Release */,
			);
			defaultConfigurationIsVisible = 0;
			defaultConfigurationName = Release;
		};
		F069C01A2299D2A000D0910A /* Build configuration list for PBXNativeTarget "Weather" */ = {
			isa = XCConfigurationList;
			buildConfigurations = (
				F069C01B2299D2A000D0910A /* Debug */,
				F069C01C2299D2A000D0910A /* Release */,
			);
			defaultConfigurationIsVisible = 0;
			defaultConfigurationName = Release;
		};
/* End XCConfigurationList section */
	};
	rootObject = F069C0002299D29E00D0910A /* Project object */;
}
